{
  "name": "atd-moped",
  "lockfileVersion": 2,
  "requires": true,
  "packages": {
    "": {
      "dependencies": {
        "json-to-graphql-query": "^2.2.5"
      }
    },
    "node_modules/json-to-graphql-query": {
      "version": "2.2.5",
      "resolved": "https://registry.npmjs.org/json-to-graphql-query/-/json-to-graphql-query-2.2.5.tgz",
      "integrity": "sha512-5Nom9inkIMrtY992LMBBG1Zaekrc10JaRhyZgprwHBVMDtRgllTvzl0oBbg13wJsVZoSoFNNMaeIVQs0P04vsA=="
    }
  },
  "dependencies": {
    "json-to-graphql-query": {
      "version": "2.2.5",
      "resolved": "https://registry.npmjs.org/json-to-graphql-query/-/json-to-graphql-query-2.2.5.tgz",
      "integrity": "sha512-5Nom9inkIMrtY992LMBBG1Zaekrc10JaRhyZgprwHBVMDtRgllTvzl0oBbg13wJsVZoSoFNNMaeIVQs0P04vsA=="
    }
  }
}
