# THIS IS AN AUTOGENERATED FILE. DO NOT EDIT THIS FILE DIRECTLY.
# yarn lockfile v1


"@apollo/client@^3.2.0":
  version "3.2.0"
  resolved "https://registry.yarnpkg.com/@apollo/client/-/client-3.2.0.tgz#d16ea4384a2126bf60e7d87b0a6c6df00382220b"
  integrity sha512-6ISMYW9QpEykJAkN6ZZteTkXXwtYSPGbh+4iBZ478p/Eox1JOMGYlqosGgMGv2oduug9SnsR65y0iCAxKOFGiQ==
  dependencies:
    "@graphql-typed-document-node/core" "^3.0.0"
    "@types/zen-observable" "^0.8.0"
    "@wry/context" "^0.5.2"
    "@wry/equality" "^0.2.0"
    fast-json-stable-stringify "^2.0.0"
    graphql-tag "^2.11.0"
    hoist-non-react-statics "^3.3.2"
    optimism "^0.12.1"
    prop-types "^15.7.2"
    symbol-observable "^2.0.0"
    terser "^5.2.0"
    ts-invariant "^0.4.4"
    tslib "^1.10.0"
    zen-observable "^0.8.14"

"@graphql-typed-document-node/core@^3.0.0":
  version "3.1.0"
  resolved "https://registry.yarnpkg.com/@graphql-typed-document-node/core/-/core-3.1.0.tgz#0eee6373e11418bfe0b5638f654df7a4ca6a3950"
  integrity sha512-wYn6r8zVZyQJ6rQaALBEln5B1pzxb9shV5Ef97kTvn6yVGrqyXVnDqnU24MXnFubR+rZjBY9NWuxX3FB2sTsjg==

"@types/zen-observable@^0.8.0":
  version "0.8.1"
  resolved "https://registry.yarnpkg.com/@types/zen-observable/-/zen-observable-0.8.1.tgz#5668c0bce55a91f2b9566b1d8a4c0a8dbbc79764"
  integrity sha512-wmk0xQI6Yy7Fs/il4EpOcflG4uonUpYGqvZARESLc2oy4u69fkatFLbJOeW4Q6awO15P4rduAe6xkwHevpXcUQ==

"@wry/context@^0.5.2":
  version "0.5.2"
  resolved "https://registry.yarnpkg.com/@wry/context/-/context-0.5.2.tgz#f2a5d5ab9227343aa74c81e06533c1ef84598ec7"
  integrity sha512-B/JLuRZ/vbEKHRUiGj6xiMojST1kHhu4WcreLfNN7q9DqQFrb97cWgf/kiYsPSUCAMVN0HzfFc8XjJdzgZzfjw==
  dependencies:
    tslib "^1.9.3"

"@wry/equality@^0.2.0":
  version "0.2.0"
  resolved "https://registry.yarnpkg.com/@wry/equality/-/equality-0.2.0.tgz#a312d1b6a682d0909904c2bcd355b02303104fb7"
  integrity sha512-Y4d+WH6hs+KZJUC8YKLYGarjGekBrhslDbf/R20oV+AakHPINSitHfDRQz3EGcEWc1luXYNUvMhawWtZVWNGvQ==
  dependencies:
    tslib "^1.9.3"

buffer-from@^1.0.0:
  version "1.1.1"
  resolved "https://registry.yarnpkg.com/buffer-from/-/buffer-from-1.1.1.tgz#32713bc028f75c02fdb710d7c7bcec1f2c6070ef"
  integrity sha512-MQcXEUbCKtEo7bhqEs6560Hyd4XaovZlO/k9V3hjVUF/zwW7KBVdSK4gIt/bzwS9MbR5qob+F5jusZsb0YQK2A==

commander@^2.20.0:
  version "2.20.3"
  resolved "https://registry.yarnpkg.com/commander/-/commander-2.20.3.tgz#fd485e84c03eb4881c20722ba48035e8531aeb33"
  integrity sha512-GpVkmM8vF2vQUkj2LvZmD35JxeJOLCwJ9cUkugyk2nuhbv3+mJvpLYYt+0+USMxE+oj+ey/lJEnhZw75x/OMcQ==

customize-cra@^1.0.0:
  version "1.0.0"
  resolved "https://registry.yarnpkg.com/customize-cra/-/customize-cra-1.0.0.tgz#73286563631aa08127ad4d30a2e3c89cf4e93c8d"
  integrity sha512-DbtaLuy59224U+xCiukkxSq8clq++MOtJ1Et7LED1fLszWe88EoblEYFBJ895sB1mC6B4uu3xPT/IjClELhMbA==
  dependencies:
    lodash.flow "^3.5.0"

fast-json-stable-stringify@^2.0.0:
  version "2.1.0"
  resolved "https://registry.yarnpkg.com/fast-json-stable-stringify/-/fast-json-stable-stringify-2.1.0.tgz#874bf69c6f404c2b5d99c481341399fd55892633"
  integrity sha512-lhd/wF+Lk98HZoTCtlVraHtfh5XYijIjalXck7saUtuanSDyLMxnHhSXEDJqHxD7msR8D0uCmqlkwjCV8xvwHw==

graphql-tag@^2.11.0:
  version "2.11.0"
  resolved "https://registry.yarnpkg.com/graphql-tag/-/graphql-tag-2.11.0.tgz#1deb53a01c46a7eb401d6cb59dec86fa1cccbffd"
  integrity sha512-VmsD5pJqWJnQZMUeRwrDhfgoyqcfwEkvtpANqcoUG8/tOLkwNgU9mzub/Mc78OJMhHjx7gfAMTxzdG43VGg3bA==

graphql@^15.3.0:
  version "15.3.0"
  resolved "https://registry.yarnpkg.com/graphql/-/graphql-15.3.0.tgz#3ad2b0caab0d110e3be4a5a9b2aa281e362b5278"
  integrity sha512-GTCJtzJmkFLWRfFJuoo9RWWa/FfamUHgiFosxi/X1Ani4AVWbeyBenZTNX6dM+7WSbbFfTo/25eh0LLkwHMw2w==

hoist-non-react-statics@^3.3.2:
  version "3.3.2"
  resolved "https://registry.yarnpkg.com/hoist-non-react-statics/-/hoist-non-react-statics-3.3.2.tgz#ece0acaf71d62c2969c2ec59feff42a4b1a85b45"
  integrity sha512-/gGivxi8JPKWNm/W0jSmzcMPpfpPLc3dY/6GxhX2hQ9iGj3aDfklV4ET7NjKpSinLpJ5vafa9iiGIEZg10SfBw==
  dependencies:
    react-is "^16.7.0"

"js-tokens@^3.0.0 || ^4.0.0":
  version "4.0.0"
  resolved "https://registry.yarnpkg.com/js-tokens/-/js-tokens-4.0.0.tgz#19203fb59991df98e3a287050d4647cdeaf32499"
  integrity sha512-RdJUflcE3cUzKiMqQgsCu06FPu9UdIJO0beYbPhHN4k6apgJtifcoCtT9bcxOpYBtpD2kCM6Sbzg4CausW/PKQ==

lodash.flow@^3.5.0:
  version "3.5.0"
  resolved "https://registry.yarnpkg.com/lodash.flow/-/lodash.flow-3.5.0.tgz#87bf40292b8cf83e4e8ce1a3ae4209e20071675a"
  integrity sha1-h79AKSuM+D5OjOGjrkIJ4gBxZ1o=

loose-envify@^1.4.0:
  version "1.4.0"
  resolved "https://registry.yarnpkg.com/loose-envify/-/loose-envify-1.4.0.tgz#71ee51fa7be4caec1a63839f7e682d8132d30caf"
  integrity sha512-lyuxPGr/Wfhrlem2CL/UcnUc1zcqKAImBDzukY7Y5F/yQiNdko6+fRLevlw1HgMySw7f611UIY408EtxRSoK3Q==
  dependencies:
    js-tokens "^3.0.0 || ^4.0.0"

object-assign@^4.1.1:
  version "4.1.1"
  resolved "https://registry.yarnpkg.com/object-assign/-/object-assign-4.1.1.tgz#2109adc7965887cfc05cbbd442cac8bfbb360863"
  integrity sha1-IQmtx5ZYh8/AXLvUQsrIv7s2CGM=

optimism@^0.12.1:
  version "0.12.1"
  resolved "https://registry.yarnpkg.com/optimism/-/optimism-0.12.1.tgz#933f9467b9aef0e601655adb9638f893e486ad02"
  integrity sha512-t8I7HM1dw0SECitBYAqFOVHoBAHEQBTeKjIL9y9ImHzAVkdyPK4ifTgM4VJRDtTUY4r/u5Eqxs4XcGPHaoPkeQ==
  dependencies:
    "@wry/context" "^0.5.2"

prop-types@^15.7.2:
  version "15.7.2"
  resolved "https://registry.yarnpkg.com/prop-types/-/prop-types-15.7.2.tgz#52c41e75b8c87e72b9d9360e0206b99dcbffa6c5"
  integrity sha512-8QQikdH7//R2vurIJSutZ1smHYTcLpRWEOlHnzcWHmBYrOGUysKwSsrC89BCiFj3CbrfJ/nXFdJepOVrY1GCHQ==
  dependencies:
    loose-envify "^1.4.0"
    object-assign "^4.1.1"
    react-is "^16.8.1"

react-app-rewired@^2.1.6:
  version "2.1.6"
  resolved "https://registry.yarnpkg.com/react-app-rewired/-/react-app-rewired-2.1.6.tgz#33ee3076a7f34d6a7c94e649cac67e7c8c580de8"
  integrity sha512-06flj0kK5tf/RN4naRv/sn6j3sQd7rsURoRLKLpffXDzJeNiAaTNic+0I8Basojy5WDwREkTqrMLewSAjcb13w==
  dependencies:
    semver "^5.6.0"

react-is@^16.7.0, react-is@^16.8.1:
  version "16.13.1"
  resolved "https://registry.yarnpkg.com/react-is/-/react-is-16.13.1.tgz#789729a4dc36de2999dc156dd6c1d9c18cea56a4"
  integrity sha512-24e6ynE2H+OKt4kqsOvNd8kBpV65zoxbA4BVsEOB3ARVWQki/DHzaUoC5KuON/BiccDaCCTZBuOcfZs70kR8bQ==

semver@^5.6.0:
  version "5.7.1"
  resolved "https://registry.yarnpkg.com/semver/-/semver-5.7.1.tgz#a954f931aeba508d307bbf069eff0c01c96116f7"
  integrity sha512-sauaDf/PZdVgrLTNYHRtpXa1iRiKcaebiKQ1BJdpQlWH2lCvexQdX55snPFyK7QzpudqbCI0qXFfOasHdyNDGQ==

source-map-support@~0.5.12:
  version "0.5.19"
  resolved "https://registry.yarnpkg.com/source-map-support/-/source-map-support-0.5.19.tgz#a98b62f86dcaf4f67399648c085291ab9e8fed61"
  integrity sha512-Wonm7zOCIJzBGQdB+thsPar0kYuCIzYvxZwlBa87yi/Mdjv7Tip2cyVbLj5o0cFPN4EVkuTwb3GDDyUx2DGnGw==
  dependencies:
    buffer-from "^1.0.0"
    source-map "^0.6.0"

source-map@^0.6.0, source-map@~0.6.1:
  version "0.6.1"
  resolved "https://registry.yarnpkg.com/source-map/-/source-map-0.6.1.tgz#74722af32e9614e9c287a8d0bbde48b5e2f1a263"
  integrity sha512-UjgapumWlbMhkBgzT7Ykc5YXUT46F0iKu8SGXq0bcwP5dz/h0Plj6enJqjz1Zbq2l5WaqYnrVbwWOWMyF3F47g==

symbol-observable@^2.0.0:
  version "2.0.1"
  resolved "https://registry.yarnpkg.com/symbol-observable/-/symbol-observable-2.0.1.tgz#ce66c36a04ed0f3056e7293184749a6fdd7063ea"
  integrity sha512-QrfHrrEUMadQCgMijc3YpfA4ncwgqGv58Xgvdu3JZVQB7iY7cAkiqobZEZbaA863jof8AdpR01CPnZ5UWeqZBQ==

terser@^5.2.0:
  version "5.3.2"
  resolved "https://registry.yarnpkg.com/terser/-/terser-5.3.2.tgz#f4bea90eb92945b2a028ceef79181b9bb586e7af"
  integrity sha512-H67sydwBz5jCUA32ZRL319ULu+Su1cAoZnnc+lXnenGRYWyLE3Scgkt8mNoAsMx0h5kdo758zdoS0LG9rYZXDQ==
  dependencies:
    commander "^2.20.0"
    source-map "~0.6.1"
    source-map-support "~0.5.12"

ts-invariant@^0.4.4:
  version "0.4.4"
  resolved "https://registry.yarnpkg.com/ts-invariant/-/ts-invariant-0.4.4.tgz#97a523518688f93aafad01b0e80eb803eb2abd86"
  integrity sha512-uEtWkFM/sdZvRNNDL3Ehu4WVpwaulhwQszV8mrtcdeE8nN00BV9mAmQ88RkrBhFgl9gMgvjJLAQcZbnPXI9mlA==
  dependencies:
    tslib "^1.9.3"

tslib@^1.10.0, tslib@^1.9.3:
  version "1.13.0"
  resolved "https://registry.yarnpkg.com/tslib/-/tslib-1.13.0.tgz#c881e13cc7015894ed914862d276436fa9a47043"
  integrity sha512-i/6DQjL8Xf3be4K/E6Wgpekn5Qasl1usyw++dAA35Ue5orEn65VIxOA+YvNNl9HV3qv70T7CNwjODHZrLwvd1Q==

zen-observable@^0.8.14:
  version "0.8.15"
  resolved "https://registry.yarnpkg.com/zen-observable/-/zen-observable-0.8.15.tgz#96415c512d8e3ffd920afd3889604e30b9eaac15"
  integrity sha512-PQ2PC7R9rslx84ndNBZB/Dkv8V8fZEpk83RLgXtYd0fwUgEjseMn1Dgajh2x6S8QbZAFa9p2qVCEuYZNgve0dQ==
